// !$*UTF8*$!
{
	archiveVersion = 1;
	classes = {
	};
	objectVersion = 46;
	objects = {

/* Begin PBXBuildFile section */
		BD1F98451F4C6F89008E3302 /* Assets.xcassets in Resources */ = {isa = PBXBuildFile; fileRef = BD1F98441F4C6F89008E3302 /* Assets.xcassets */; };
		BD1F98481F4C6F89008E3302 /* LaunchScreen.storyboard in Resources */ = {isa = PBXBuildFile; fileRef = BD1F98461F4C6F89008E3302 /* LaunchScreen.storyboard */; };
		BD1F98531F4C6F89008E3302 /* mangonoteTests.swift in Sources */ = {isa = PBXBuildFile; fileRef = BD1F98521F4C6F89008E3302 /* mangonoteTests.swift */; };
		BD1F985E1F4C6F89008E3302 /* mangonoteUITests.swift in Sources */ = {isa = PBXBuildFile; fileRef = BD1F985D1F4C6F89008E3302 /* mangonoteUITests.swift */; };
		BD2DBC941F6BF4B400D7994D /* MNNote.swift in Sources */ = {isa = PBXBuildFile; fileRef = BD2DBC931F6BF4B400D7994D /* MNNote.swift */; };
		BD2DBC981F6BF9B400D7994D /* MNTimelineModel.swift in Sources */ = {isa = PBXBuildFile; fileRef = BD2DBC971F6BF9B400D7994D /* MNTimelineModel.swift */; };
		BD317B221F57E596007F7E61 /* MNEditor.swift in Sources */ = {isa = PBXBuildFile; fileRef = BD317B211F57E596007F7E61 /* MNEditor.swift */; };
		BD317B241F583D4F007F7E61 /* MNEditToolBar.swift in Sources */ = {isa = PBXBuildFile; fileRef = BD317B231F583D4F007F7E61 /* MNEditToolBar.swift */; };
		BD317B2B1F584758007F7E61 /* camera.png in Resources */ = {isa = PBXBuildFile; fileRef = BD317B261F584758007F7E61 /* camera.png */; };
		BD317B2D1F584758007F7E61 /* map.png in Resources */ = {isa = PBXBuildFile; fileRef = BD317B281F584758007F7E61 /* map.png */; };
		BD317B321F584DAA007F7E61 /* MNConst.swift in Sources */ = {isa = PBXBuildFile; fileRef = BD317B311F584DAA007F7E61 /* MNConst.swift */; };
		BD317B341F584F2E007F7E61 /* MNColors.swift in Sources */ = {isa = PBXBuildFile; fileRef = BD317B331F584F2E007F7E61 /* MNColors.swift */; };
		BD317B361F58505F007F7E61 /* MNExtensions.swift in Sources */ = {isa = PBXBuildFile; fileRef = BD317B351F58505F007F7E61 /* MNExtensions.swift */; };
		BD6DBF231F56F55000B98052 /* AppDelegate.swift in Sources */ = {isa = PBXBuildFile; fileRef = BD6DBF1D1F56F55000B98052 /* AppDelegate.swift */; };
		BD6DBF241F56F55000B98052 /* MNNavigationController.swift in Sources */ = {isa = PBXBuildFile; fileRef = BD6DBF1F1F56F55000B98052 /* MNNavigationController.swift */; };
		BD6DBF251F56F55000B98052 /* MNTabBarController.swift in Sources */ = {isa = PBXBuildFile; fileRef = BD6DBF201F56F55000B98052 /* MNTabBarController.swift */; };
		BD6DBF2B1F56F60D00B98052 /* MNTimelineViewController.swift in Sources */ = {isa = PBXBuildFile; fileRef = BD6DBF281F56F60D00B98052 /* MNTimelineViewController.swift */; };
		BD6DBF2D1F56F80900B98052 /* MNCollectionViewFlowLayout.swift in Sources */ = {isa = PBXBuildFile; fileRef = BD6DBF2C1F56F80900B98052 /* MNCollectionViewFlowLayout.swift */; };
		BD6DBF2F1F56F96800B98052 /* MNTimelineCell.swift in Sources */ = {isa = PBXBuildFile; fileRef = BD6DBF2E1F56F96800B98052 /* MNTimelineCell.swift */; };
		BD6DBF311F56FC6700B98052 /* MNEditorViewController.swift in Sources */ = {isa = PBXBuildFile; fileRef = BD6DBF301F56FC6700B98052 /* MNEditorViewController.swift */; };
		BD6DBF331F57049700B98052 /* MNBaseViewController.swift in Sources */ = {isa = PBXBuildFile; fileRef = BD6DBF321F57049700B98052 /* MNBaseViewController.swift */; };
		BD70C73F1F692E1D00968969 /* pic.png in Resources */ = {isa = PBXBuildFile; fileRef = BD70C73D1F692E1D00968969 /* pic.png */; };
		BD70C7401F692E1D00968969 /* mic.png in Resources */ = {isa = PBXBuildFile; fileRef = BD70C73E1F692E1D00968969 /* mic.png */; };
		BD70C7491F69375D00968969 /* EKImagePickerExtension.swift in Sources */ = {isa = PBXBuildFile; fileRef = BD70C7421F69375D00968969 /* EKImagePickerExtension.swift */; };
		BD70C74A1F69375D00968969 /* EKSmallPhotoCell.swift in Sources */ = {isa = PBXBuildFile; fileRef = BD70C7431F69375D00968969 /* EKSmallPhotoCell.swift */; };
		BD70C74B1F69375D00968969 /* EKImagePickerContext.swift in Sources */ = {isa = PBXBuildFile; fileRef = BD70C7441F69375D00968969 /* EKImagePickerContext.swift */; };
		BD70C74C1F69375D00968969 /* image_pickerDefault@3x.png in Resources */ = {isa = PBXBuildFile; fileRef = BD70C7451F69375D00968969 /* image_pickerDefault@3x.png */; };
		BD70C74D1F69375D00968969 /* EKImagePickerViewController.swift in Sources */ = {isa = PBXBuildFile; fileRef = BD70C7461F69375D00968969 /* EKImagePickerViewController.swift */; };
		BD70C74E1F69375D00968969 /* EKImagePickerHelper.swift in Sources */ = {isa = PBXBuildFile; fileRef = BD70C7471F69375D00968969 /* EKImagePickerHelper.swift */; };
		BD70C74F1F69375D00968969 /* image_pickerDefault@2x.png in Resources */ = {isa = PBXBuildFile; fileRef = BD70C7481F69375D00968969 /* image_pickerDefault@2x.png */; };
		BD70C7511F6A1F3B00968969 /* EKImagePcikerDelegate.swift in Sources */ = {isa = PBXBuildFile; fileRef = BD70C7501F6A1F3B00968969 /* EKImagePcikerDelegate.swift */; };
		BDCA635B1F6FEB480054362C /* delete.png in Resources */ = {isa = PBXBuildFile; fileRef = BDCA635A1F6FEB480054362C /* delete.png */; };
		CDE18CA4E157573644211128 /* Pods_mangonote.framework in Frameworks */ = {isa = PBXBuildFile; fileRef = 70CCEB1D85A049C61EB81F42 /* Pods_mangonote.framework */; };
/* End PBXBuildFile section */

/* Begin PBXContainerItemProxy section */
		BD1F984F1F4C6F89008E3302 /* PBXContainerItemProxy */ = {
			isa = PBXContainerItemProxy;
			containerPortal = BD1F98321F4C6F89008E3302 /* Project object */;
			proxyType = 1;
			remoteGlobalIDString = BD1F98391F4C6F89008E3302;
			remoteInfo = mangonote;
		};
		BD1F985A1F4C6F89008E3302 /* PBXContainerItemProxy */ = {
			isa = PBXContainerItemProxy;
			containerPortal = BD1F98321F4C6F89008E3302 /* Project object */;
			proxyType = 1;
			remoteGlobalIDString = BD1F98391F4C6F89008E3302;
			remoteInfo = mangonote;
		};
/* End PBXContainerItemProxy section */

/* Begin PBXFileReference section */
		3D9861D7DC38077BC29AD359 /* Pods-mangonote.release.xcconfig */ = {isa = PBXFileReference; includeInIndex = 1; lastKnownFileType = text.xcconfig; name = "Pods-mangonote.release.xcconfig"; path = "Pods/Target Support Files/Pods-mangonote/Pods-mangonote.release.xcconfig"; sourceTree = "<group>"; };
		70CCEB1D85A049C61EB81F42 /* Pods_mangonote.framework */ = {isa = PBXFileReference; explicitFileType = wrapper.framework; includeInIndex = 0; path = Pods_mangonote.framework; sourceTree = BUILT_PRODUCTS_DIR; };
		BD1F983A1F4C6F89008E3302 /* mangonote.app */ = {isa = PBXFileReference; explicitFileType = wrapper.application; includeInIndex = 0; path = mangonote.app; sourceTree = BUILT_PRODUCTS_DIR; };
		BD1F98441F4C6F89008E3302 /* Assets.xcassets */ = {isa = PBXFileReference; lastKnownFileType = folder.assetcatalog; path = Assets.xcassets; sourceTree = "<group>"; };
		BD1F98471F4C6F89008E3302 /* Base */ = {isa = PBXFileReference; lastKnownFileType = file.storyboard; name = Base; path = Base.lproj/LaunchScreen.storyboard; sourceTree = "<group>"; };
		BD1F98491F4C6F89008E3302 /* Info.plist */ = {isa = PBXFileReference; lastKnownFileType = text.plist.xml; path = Info.plist; sourceTree = "<group>"; };
		BD1F984E1F4C6F89008E3302 /* mangonoteTests.xctest */ = {isa = PBXFileReference; explicitFileType = wrapper.cfbundle; includeInIndex = 0; path = mangonoteTests.xctest; sourceTree = BUILT_PRODUCTS_DIR; };
		BD1F98521F4C6F89008E3302 /* mangonoteTests.swift */ = {isa = PBXFileReference; lastKnownFileType = sourcecode.swift; path = mangonoteTests.swift; sourceTree = "<group>"; };
		BD1F98541F4C6F89008E3302 /* Info.plist */ = {isa = PBXFileReference; lastKnownFileType = text.plist.xml; path = Info.plist; sourceTree = "<group>"; };
		BD1F98591F4C6F89008E3302 /* mangonoteUITests.xctest */ = {isa = PBXFileReference; explicitFileType = wrapper.cfbundle; includeInIndex = 0; path = mangonoteUITests.xctest; sourceTree = BUILT_PRODUCTS_DIR; };
		BD1F985D1F4C6F89008E3302 /* mangonoteUITests.swift */ = {isa = PBXFileReference; lastKnownFileType = sourcecode.swift; path = mangonoteUITests.swift; sourceTree = "<group>"; };
		BD1F985F1F4C6F89008E3302 /* Info.plist */ = {isa = PBXFileReference; lastKnownFileType = text.plist.xml; path = Info.plist; sourceTree = "<group>"; };
		BD2DBC931F6BF4B400D7994D /* MNNote.swift */ = {isa = PBXFileReference; lastKnownFileType = sourcecode.swift; path = MNNote.swift; sourceTree = "<group>"; };
		BD2DBC971F6BF9B400D7994D /* MNTimelineModel.swift */ = {isa = PBXFileReference; lastKnownFileType = sourcecode.swift; path = MNTimelineModel.swift; sourceTree = "<group>"; };
		BD317B211F57E596007F7E61 /* MNEditor.swift */ = {isa = PBXFileReference; fileEncoding = 4; lastKnownFileType = sourcecode.swift; path = MNEditor.swift; sourceTree = "<group>"; };
		BD317B231F583D4F007F7E61 /* MNEditToolBar.swift */ = {isa = PBXFileReference; fileEncoding = 4; lastKnownFileType = sourcecode.swift; path = MNEditToolBar.swift; sourceTree = "<group>"; };
		BD317B261F584758007F7E61 /* camera.png */ = {isa = PBXFileReference; lastKnownFileType = image.png; path = camera.png; sourceTree = "<group>"; };
		BD317B281F584758007F7E61 /* map.png */ = {isa = PBXFileReference; lastKnownFileType = image.png; path = map.png; sourceTree = "<group>"; };
		BD317B311F584DAA007F7E61 /* MNConst.swift */ = {isa = PBXFileReference; fileEncoding = 4; lastKnownFileType = sourcecode.swift; path = MNConst.swift; sourceTree = "<group>"; };
		BD317B331F584F2E007F7E61 /* MNColors.swift */ = {isa = PBXFileReference; fileEncoding = 4; lastKnownFileType = sourcecode.swift; path = MNColors.swift; sourceTree = "<group>"; };
		BD317B351F58505F007F7E61 /* MNExtensions.swift */ = {isa = PBXFileReference; fileEncoding = 4; lastKnownFileType = sourcecode.swift; path = MNExtensions.swift; sourceTree = "<group>"; };
		BD6DBF1D1F56F55000B98052 /* AppDelegate.swift */ = {isa = PBXFileReference; fileEncoding = 4; lastKnownFileType = sourcecode.swift; path = AppDelegate.swift; sourceTree = "<group>"; };
		BD6DBF1F1F56F55000B98052 /* MNNavigationController.swift */ = {isa = PBXFileReference; fileEncoding = 4; lastKnownFileType = sourcecode.swift; path = MNNavigationController.swift; sourceTree = "<group>"; };
		BD6DBF201F56F55000B98052 /* MNTabBarController.swift */ = {isa = PBXFileReference; fileEncoding = 4; lastKnownFileType = sourcecode.swift; path = MNTabBarController.swift; sourceTree = "<group>"; };
		BD6DBF281F56F60D00B98052 /* MNTimelineViewController.swift */ = {isa = PBXFileReference; fileEncoding = 4; lastKnownFileType = sourcecode.swift; path = MNTimelineViewController.swift; sourceTree = "<group>"; };
		BD6DBF2C1F56F80900B98052 /* MNCollectionViewFlowLayout.swift */ = {isa = PBXFileReference; fileEncoding = 4; lastKnownFileType = sourcecode.swift; path = MNCollectionViewFlowLayout.swift; sourceTree = "<group>"; };
		BD6DBF2E1F56F96800B98052 /* MNTimelineCell.swift */ = {isa = PBXFileReference; fileEncoding = 4; lastKnownFileType = sourcecode.swift; path = MNTimelineCell.swift; sourceTree = "<group>"; };
		BD6DBF301F56FC6700B98052 /* MNEditorViewController.swift */ = {isa = PBXFileReference; fileEncoding = 4; lastKnownFileType = sourcecode.swift; path = MNEditorViewController.swift; sourceTree = "<group>"; };
		BD6DBF321F57049700B98052 /* MNBaseViewController.swift */ = {isa = PBXFileReference; fileEncoding = 4; lastKnownFileType = sourcecode.swift; path = MNBaseViewController.swift; sourceTree = "<group>"; };
		BD70C73D1F692E1D00968969 /* pic.png */ = {isa = PBXFileReference; lastKnownFileType = image.png; path = pic.png; sourceTree = "<group>"; };
		BD70C73E1F692E1D00968969 /* mic.png */ = {isa = PBXFileReference; lastKnownFileType = image.png; path = mic.png; sourceTree = "<group>"; };
		BD70C7421F69375D00968969 /* EKImagePickerExtension.swift */ = {isa = PBXFileReference; fileEncoding = 4; lastKnownFileType = sourcecode.swift; path = EKImagePickerExtension.swift; sourceTree = "<group>"; };
		BD70C7431F69375D00968969 /* EKSmallPhotoCell.swift */ = {isa = PBXFileReference; fileEncoding = 4; lastKnownFileType = sourcecode.swift; path = EKSmallPhotoCell.swift; sourceTree = "<group>"; };
		BD70C7441F69375D00968969 /* EKImagePickerContext.swift */ = {isa = PBXFileReference; fileEncoding = 4; lastKnownFileType = sourcecode.swift; path = EKImagePickerContext.swift; sourceTree = "<group>"; };
		BD70C7451F69375D00968969 /* image_pickerDefault@3x.png */ = {isa = PBXFileReference; lastKnownFileType = image.png; path = "image_pickerDefault@3x.png"; sourceTree = "<group>"; };
		BD70C7461F69375D00968969 /* EKImagePickerViewController.swift */ = {isa = PBXFileReference; fileEncoding = 4; lastKnownFileType = sourcecode.swift; path = EKImagePickerViewController.swift; sourceTree = "<group>"; };
		BD70C7471F69375D00968969 /* EKImagePickerHelper.swift */ = {isa = PBXFileReference; fileEncoding = 4; lastKnownFileType = sourcecode.swift; path = EKImagePickerHelper.swift; sourceTree = "<group>"; };
		BD70C7481F69375D00968969 /* image_pickerDefault@2x.png */ = {isa = PBXFileReference; lastKnownFileType = image.png; path = "image_pickerDefault@2x.png"; sourceTree = "<group>"; };
		BD70C7501F6A1F3B00968969 /* EKImagePcikerDelegate.swift */ = {isa = PBXFileReference; lastKnownFileType = sourcecode.swift; path = EKImagePcikerDelegate.swift; sourceTree = "<group>"; };
		BDCA635A1F6FEB480054362C /* delete.png */ = {isa = PBXFileReference; lastKnownFileType = image.png; path = delete.png; sourceTree = "<group>"; };
		D401247031CD35A50F128EE9 /* Pods-mangonote.debug.xcconfig */ = {isa = PBXFileReference; includeInIndex = 1; lastKnownFileType = text.xcconfig; name = "Pods-mangonote.debug.xcconfig"; path = "Pods/Target Support Files/Pods-mangonote/Pods-mangonote.debug.xcconfig"; sourceTree = "<group>"; };
/* End PBXFileReference section */

/* Begin PBXFrameworksBuildPhase section */
		BD1F98371F4C6F89008E3302 /* Frameworks */ = {
			isa = PBXFrameworksBuildPhase;
			buildActionMask = 2147483647;
			files = (
				CDE18CA4E157573644211128 /* Pods_mangonote.framework in Frameworks */,
			);
			runOnlyForDeploymentPostprocessing = 0;
		};
		BD1F984B1F4C6F89008E3302 /* Frameworks */ = {
			isa = PBXFrameworksBuildPhase;
			buildActionMask = 2147483647;
			files = (
			);
			runOnlyForDeploymentPostprocessing = 0;
		};
		BD1F98561F4C6F89008E3302 /* Frameworks */ = {
			isa = PBXFrameworksBuildPhase;
			buildActionMask = 2147483647;
			files = (
			);
			runOnlyForDeploymentPostprocessing = 0;
		};
/* End PBXFrameworksBuildPhase section */

/* Begin PBXGroup section */
		456B4F305A077E34DCB46B4E /* Pods */ = {
			isa = PBXGroup;
			children = (
				D401247031CD35A50F128EE9 /* Pods-mangonote.debug.xcconfig */,
				3D9861D7DC38077BC29AD359 /* Pods-mangonote.release.xcconfig */,
			);
			name = Pods;
			sourceTree = "<group>";
		};
		B4F35E2BE689049C7E5A5B0B /* Frameworks */ = {
			isa = PBXGroup;
			children = (
				70CCEB1D85A049C61EB81F42 /* Pods_mangonote.framework */,
			);
			name = Frameworks;
			sourceTree = "<group>";
		};
		BD1F98311F4C6F89008E3302 = {
			isa = PBXGroup;
			children = (
				BD1F983C1F4C6F89008E3302 /* mangonote */,
				BD1F98511F4C6F89008E3302 /* mangonoteTests */,
				BD1F985C1F4C6F89008E3302 /* mangonoteUITests */,
				BD1F983B1F4C6F89008E3302 /* Products */,
				456B4F305A077E34DCB46B4E /* Pods */,
				B4F35E2BE689049C7E5A5B0B /* Frameworks */,
			);
			sourceTree = "<group>";
		};
		BD1F983B1F4C6F89008E3302 /* Products */ = {
			isa = PBXGroup;
			children = (
				BD1F983A1F4C6F89008E3302 /* mangonote.app */,
				BD1F984E1F4C6F89008E3302 /* mangonoteTests.xctest */,
				BD1F98591F4C6F89008E3302 /* mangonoteUITests.xctest */,
			);
			name = Products;
			sourceTree = "<group>";
		};
		BD1F983C1F4C6F89008E3302 /* mangonote */ = {
			isa = PBXGroup;
			children = (
				BD317B251F584758007F7E61 /* Resources */,
				BD6DBF1B1F56F55000B98052 /* Classes */,
				BD1F98441F4C6F89008E3302 /* Assets.xcassets */,
				BD1F98461F4C6F89008E3302 /* LaunchScreen.storyboard */,
				BD1F98491F4C6F89008E3302 /* Info.plist */,
			);
			path = mangonote;
			sourceTree = "<group>";
		};
		BD1F98511F4C6F89008E3302 /* mangonoteTests */ = {
			isa = PBXGroup;
			children = (
				BD1F98521F4C6F89008E3302 /* mangonoteTests.swift */,
				BD1F98541F4C6F89008E3302 /* Info.plist */,
			);
			path = mangonoteTests;
			sourceTree = "<group>";
		};
		BD1F985C1F4C6F89008E3302 /* mangonoteUITests */ = {
			isa = PBXGroup;
			children = (
				BD1F985D1F4C6F89008E3302 /* mangonoteUITests.swift */,
				BD1F985F1F4C6F89008E3302 /* Info.plist */,
			);
			path = mangonoteUITests;
			sourceTree = "<group>";
		};
		BD317B251F584758007F7E61 /* Resources */ = {
			isa = PBXGroup;
			children = (
				BDCA635A1F6FEB480054362C /* delete.png */,
				BD70C73E1F692E1D00968969 /* mic.png */,
				BD70C73D1F692E1D00968969 /* pic.png */,
				BD317B261F584758007F7E61 /* camera.png */,
				BD317B281F584758007F7E61 /* map.png */,
			);
			path = Resources;
			sourceTree = "<group>";
		};
		BD317B301F584D8D007F7E61 /* Helper */ = {
			isa = PBXGroup;
			children = (
				BD317B311F584DAA007F7E61 /* MNConst.swift */,
				BD317B331F584F2E007F7E61 /* MNColors.swift */,
				BD317B351F58505F007F7E61 /* MNExtensions.swift */,
			);
			path = Helper;
			sourceTree = "<group>";
		};
		BD6DBF1B1F56F55000B98052 /* Classes */ = {
			isa = PBXGroup;
			children = (
				BD317B301F584D8D007F7E61 /* Helper */,
				BD6DBF1C1F56F55000B98052 /* AppDelegate */,
				BD6DBF1E1F56F55000B98052 /* Navigation */,
				BD6DBF211F56F55000B98052 /* TimelineTab */,
			);
			path = Classes;
			sourceTree = "<group>";
		};
		BD6DBF1C1F56F55000B98052 /* AppDelegate */ = {
			isa = PBXGroup;
			children = (
				BD6DBF1D1F56F55000B98052 /* AppDelegate.swift */,
			);
			path = AppDelegate;
			sourceTree = "<group>";
		};
		BD6DBF1E1F56F55000B98052 /* Navigation */ = {
			isa = PBXGroup;
			children = (
				BD6DBF1F1F56F55000B98052 /* MNNavigationController.swift */,
				BD6DBF201F56F55000B98052 /* MNTabBarController.swift */,
				BD6DBF321F57049700B98052 /* MNBaseViewController.swift */,
			);
			path = Navigation;
			sourceTree = "<group>";
		};
		BD6DBF211F56F55000B98052 /* TimelineTab */ = {
			isa = PBXGroup;
			children = (
				BD70C7411F69372B00968969 /* Photos */,
				BD6DBF271F56F60D00B98052 /* Controllers */,
				BD6DBF291F56F60D00B98052 /* Models */,
				BD6DBF2A1F56F60D00B98052 /* Views */,
			);
			path = TimelineTab;
			sourceTree = "<group>";
		};
		BD6DBF271F56F60D00B98052 /* Controllers */ = {
			isa = PBXGroup;
			children = (
				BD6DBF281F56F60D00B98052 /* MNTimelineViewController.swift */,
				BD6DBF2C1F56F80900B98052 /* MNCollectionViewFlowLayout.swift */,
				BD6DBF301F56FC6700B98052 /* MNEditorViewController.swift */,
			);
			path = Controllers;
			sourceTree = "<group>";
		};
		BD6DBF291F56F60D00B98052 /* Models */ = {
			isa = PBXGroup;
			children = (
				BD2DBC931F6BF4B400D7994D /* MNNote.swift */,
				BD2DBC971F6BF9B400D7994D /* MNTimelineModel.swift */,
			);
			path = Models;
			sourceTree = "<group>";
		};
		BD6DBF2A1F56F60D00B98052 /* Views */ = {
			isa = PBXGroup;
			children = (
				BD6DBF2E1F56F96800B98052 /* MNTimelineCell.swift */,
				BD317B211F57E596007F7E61 /* MNEditor.swift */,
				BD317B231F583D4F007F7E61 /* MNEditToolBar.swift */,
			);
			path = Views;
			sourceTree = "<group>";
		};
		BD70C7411F69372B00968969 /* Photos */ = {
			isa = PBXGroup;
			children = (
				BD70C7441F69375D00968969 /* EKImagePickerContext.swift */,
				BD70C7421F69375D00968969 /* EKImagePickerExtension.swift */,
				BD70C7471F69375D00968969 /* EKImagePickerHelper.swift */,
				BD70C7461F69375D00968969 /* EKImagePickerViewController.swift */,
				BD70C7501F6A1F3B00968969 /* EKImagePcikerDelegate.swift */,
				BD70C7431F69375D00968969 /* EKSmallPhotoCell.swift */,
				BD70C7481F69375D00968969 /* image_pickerDefault@2x.png */,
				BD70C7451F69375D00968969 /* image_pickerDefault@3x.png */,
			);
			path = Photos;
			sourceTree = "<group>";
		};
/* End PBXGroup section */

/* Begin PBXNativeTarget section */
		BD1F98391F4C6F89008E3302 /* mangonote */ = {
			isa = PBXNativeTarget;
			buildConfigurationList = BD1F98621F4C6F89008E3302 /* Build configuration list for PBXNativeTarget "mangonote" */;
			buildPhases = (
				157FBD6AE83B06B3C47156BD /* [CP] Check Pods Manifest.lock */,
				BD1F98361F4C6F89008E3302 /* Sources */,
				BD1F98371F4C6F89008E3302 /* Frameworks */,
				BD1F98381F4C6F89008E3302 /* Resources */,
				94EC00FB3BC0630EA3F53DC0 /* [CP] Embed Pods Frameworks */,
				3E266735400913B96D350B38 /* [CP] Copy Pods Resources */,
			);
			buildRules = (
			);
			dependencies = (
			);
			name = mangonote;
			productName = mangonote;
			productReference = BD1F983A1F4C6F89008E3302 /* mangonote.app */;
			productType = "com.apple.product-type.application";
		};
		BD1F984D1F4C6F89008E3302 /* mangonoteTests */ = {
			isa = PBXNativeTarget;
			buildConfigurationList = BD1F98651F4C6F89008E3302 /* Build configuration list for PBXNativeTarget "mangonoteTests" */;
			buildPhases = (
				BD1F984A1F4C6F89008E3302 /* Sources */,
				BD1F984B1F4C6F89008E3302 /* Frameworks */,
				BD1F984C1F4C6F89008E3302 /* Resources */,
			);
			buildRules = (
			);
			dependencies = (
				BD1F98501F4C6F89008E3302 /* PBXTargetDependency */,
			);
			name = mangonoteTests;
			productName = mangonoteTests;
			productReference = BD1F984E1F4C6F89008E3302 /* mangonoteTests.xctest */;
			productType = "com.apple.product-type.bundle.unit-test";
		};
		BD1F98581F4C6F89008E3302 /* mangonoteUITests */ = {
			isa = PBXNativeTarget;
			buildConfigurationList = BD1F98681F4C6F89008E3302 /* Build configuration list for PBXNativeTarget "mangonoteUITests" */;
			buildPhases = (
				BD1F98551F4C6F89008E3302 /* Sources */,
				BD1F98561F4C6F89008E3302 /* Frameworks */,
				BD1F98571F4C6F89008E3302 /* Resources */,
			);
			buildRules = (
			);
			dependencies = (
				BD1F985B1F4C6F89008E3302 /* PBXTargetDependency */,
			);
			name = mangonoteUITests;
			productName = mangonoteUITests;
			productReference = BD1F98591F4C6F89008E3302 /* mangonoteUITests.xctest */;
			productType = "com.apple.product-type.bundle.ui-testing";
		};
/* End PBXNativeTarget section */

/* Begin PBXProject section */
		BD1F98321F4C6F89008E3302 /* Project object */ = {
			isa = PBXProject;
			attributes = {
				LastSwiftUpdateCheck = 0830;
				LastUpgradeCheck = 0830;
				ORGANIZATIONNAME = "Huang Zhen";
				TargetAttributes = {
					BD1F98391F4C6F89008E3302 = {
						CreatedOnToolsVersion = 8.3.3;
						DevelopmentTeam = S2XPY7G7HH;
						ProvisioningStyle = Automatic;
					};
					BD1F984D1F4C6F89008E3302 = {
						CreatedOnToolsVersion = 8.3.3;
						DevelopmentTeam = S2XPY7G7HH;
						ProvisioningStyle = Automatic;
						TestTargetID = BD1F98391F4C6F89008E3302;
					};
					BD1F98581F4C6F89008E3302 = {
						CreatedOnToolsVersion = 8.3.3;
						DevelopmentTeam = S2XPY7G7HH;
						ProvisioningStyle = Automatic;
						TestTargetID = BD1F98391F4C6F89008E3302;
					};
				};
			};
			buildConfigurationList = BD1F98351F4C6F89008E3302 /* Build configuration list for PBXProject "mangonote" */;
			compatibilityVersion = "Xcode 3.2";
			developmentRegion = English;
			hasScannedForEncodings = 0;
			knownRegions = (
				en,
				Base,
			);
			mainGroup = BD1F98311F4C6F89008E3302;
			productRefGroup = BD1F983B1F4C6F89008E3302 /* Products */;
			projectDirPath = "";
			projectRoot = "";
			targets = (
				BD1F98391F4C6F89008E3302 /* mangonote */,
				BD1F984D1F4C6F89008E3302 /* mangonoteTests */,
				BD1F98581F4C6F89008E3302 /* mangonoteUITests */,
			);
		};
/* End PBXProject section */

/* Begin PBXResourcesBuildPhase section */
		BD1F98381F4C6F89008E3302 /* Resources */ = {
			isa = PBXResourcesBuildPhase;
			buildActionMask = 2147483647;
			files = (
				BD1F98481F4C6F89008E3302 /* LaunchScreen.storyboard in Resources */,
				BD317B2B1F584758007F7E61 /* camera.png in Resources */,
				BD70C74C1F69375D00968969 /* image_pickerDefault@3x.png in Resources */,
				BDCA635B1F6FEB480054362C /* delete.png in Resources */,
				BD1F98451F4C6F89008E3302 /* Assets.xcassets in Resources */,
				BD70C74F1F69375D00968969 /* image_pickerDefault@2x.png in Resources */,
				BD70C7401F692E1D00968969 /* mic.png in Resources */,
				BD317B2D1F584758007F7E61 /* map.png in Resources */,
				BD70C73F1F692E1D00968969 /* pic.png in Resources */,
			);
			runOnlyForDeploymentPostprocessing = 0;
		};
		BD1F984C1F4C6F89008E3302 /* Resources */ = {
			isa = PBXResourcesBuildPhase;
			buildActionMask = 2147483647;
			files = (
			);
			runOnlyForDeploymentPostprocessing = 0;
		};
		BD1F98571F4C6F89008E3302 /* Resources */ = {
			isa = PBXResourcesBuildPhase;
			buildActionMask = 2147483647;
			files = (
			);
			runOnlyForDeploymentPostprocessing = 0;
		};
/* End PBXResourcesBuildPhase section */

/* Begin PBXShellScriptBuildPhase section */
		157FBD6AE83B06B3C47156BD /* [CP] Check Pods Manifest.lock */ = {
			isa = PBXShellScriptBuildPhase;
			buildActionMask = 2147483647;
			files = (
			);
			inputPaths = (
				"${PODS_PODFILE_DIR_PATH}/Podfile.lock",
				"${PODS_ROOT}/Manifest.lock",
			);
			name = "[CP] Check Pods Manifest.lock";
			outputPaths = (
				"$(DERIVED_FILE_DIR)/Pods-mangonote-checkManifestLockResult.txt",
			);
			runOnlyForDeploymentPostprocessing = 0;
			shellPath = /bin/sh;
			shellScript = "diff \"${PODS_PODFILE_DIR_PATH}/Podfile.lock\" \"${PODS_ROOT}/Manifest.lock\" > /dev/null\nif [ $? != 0 ] ; then\n    # print error to STDERR\n    echo \"error: The sandbox is not in sync with the Podfile.lock. Run 'pod install' or update your CocoaPods installation.\" >&2\n    exit 1\nfi\n# This output is used by Xcode 'outputs' to avoid re-running this script phase.\necho \"SUCCESS\" > \"${SCRIPT_OUTPUT_FILE_0}\"\n";
			showEnvVarsInLog = 0;
		};
		3E266735400913B96D350B38 /* [CP] Copy Pods Resources */ = {
			isa = PBXShellScriptBuildPhase;
			buildActionMask = 2147483647;
			files = (
			);
			inputPaths = (
			);
			name = "[CP] Copy Pods Resources";
			outputPaths = (
			);
			runOnlyForDeploymentPostprocessing = 0;
			shellPath = /bin/sh;
			shellScript = "\"${SRCROOT}/Pods/Target Support Files/Pods-mangonote/Pods-mangonote-resources.sh\"\n";
			showEnvVarsInLog = 0;
		};
		94EC00FB3BC0630EA3F53DC0 /* [CP] Embed Pods Frameworks */ = {
			isa = PBXShellScriptBuildPhase;
			buildActionMask = 2147483647;
			files = (
			);
			inputPaths = (
				"${SRCROOT}/Pods/Target Support Files/Pods-mangonote/Pods-mangonote-frameworks.sh",
				"${BUILT_PRODUCTS_DIR}/Realm/Realm.framework",
				"${BUILT_PRODUCTS_DIR}/RealmSwift/RealmSwift.framework",
				"${BUILT_PRODUCTS_DIR}/SnapKit/SnapKit.framework",
			);
			name = "[CP] Embed Pods Frameworks";
			outputPaths = (
				"${TARGET_BUILD_DIR}/${FRAMEWORKS_FOLDER_PATH}/Realm.framework",
				"${TARGET_BUILD_DIR}/${FRAMEWORKS_FOLDER_PATH}/RealmSwift.framework",
				"${TARGET_BUILD_DIR}/${FRAMEWORKS_FOLDER_PATH}/SnapKit.framework",
			);
			runOnlyForDeploymentPostprocessing = 0;
			shellPath = /bin/sh;
			shellScript = "\"${SRCROOT}/Pods/Target Support Files/Pods-mangonote/Pods-mangonote-frameworks.sh\"\n";
			showEnvVarsInLog = 0;
		};
/* End PBXShellScriptBuildPhase section */

/* Begin PBXSourcesBuildPhase section */
		BD1F98361F4C6F89008E3302 /* Sources */ = {
			isa = PBXSourcesBuildPhase;
			buildActionMask = 2147483647;
			files = (
				BD317B221F57E596007F7E61 /* MNEditor.swift in Sources */,
				BD70C74E1F69375D00968969 /* EKImagePickerHelper.swift in Sources */,
				BD6DBF241F56F55000B98052 /* MNNavigationController.swift in Sources */,
				BD317B241F583D4F007F7E61 /* MNEditToolBar.swift in Sources */,
				BD2DBC941F6BF4B400D7994D /* MNNote.swift in Sources */,
				BD6DBF2F1F56F96800B98052 /* MNTimelineCell.swift in Sources */,
				BD6DBF331F57049700B98052 /* MNBaseViewController.swift in Sources */,
				BD2DBC981F6BF9B400D7994D /* MNTimelineModel.swift in Sources */,
				BD6DBF311F56FC6700B98052 /* MNEditorViewController.swift in Sources */,
				BD317B361F58505F007F7E61 /* MNExtensions.swift in Sources */,
				BD6DBF2D1F56F80900B98052 /* MNCollectionViewFlowLayout.swift in Sources */,
				BD70C74D1F69375D00968969 /* EKImagePickerViewController.swift in Sources */,
				BD317B321F584DAA007F7E61 /* MNConst.swift in Sources */,
				BD6DBF251F56F55000B98052 /* MNTabBarController.swift in Sources */,
				BD70C74A1F69375D00968969 /* EKSmallPhotoCell.swift in Sources */,
				BD70C74B1F69375D00968969 /* EKImagePickerContext.swift in Sources */,
				BD6DBF2B1F56F60D00B98052 /* MNTimelineViewController.swift in Sources */,
				BD70C7491F69375D00968969 /* EKImagePickerExtension.swift in Sources */,
				BD317B341F584F2E007F7E61 /* MNColors.swift in Sources */,
				BD70C7511F6A1F3B00968969 /* EKImagePcikerDelegate.swift in Sources */,
				BD6DBF231F56F55000B98052 /* AppDelegate.swift in Sources */,
			);
			runOnlyForDeploymentPostprocessing = 0;
		};
		BD1F984A1F4C6F89008E3302 /* Sources */ = {
			isa = PBXSourcesBuildPhase;
			buildActionMask = 2147483647;
			files = (
				BD1F98531F4C6F89008E3302 /* mangonoteTests.swift in Sources */,
			);
			runOnlyForDeploymentPostprocessing = 0;
		};
		BD1F98551F4C6F89008E3302 /* Sources */ = {
			isa = PBXSourcesBuildPhase;
			buildActionMask = 2147483647;
			files = (
				BD1F985E1F4C6F89008E3302 /* mangonoteUITests.swift in Sources */,
			);
			runOnlyForDeploymentPostprocessing = 0;
		};
/* End PBXSourcesBuildPhase section */

/* Begin PBXTargetDependency section */
		BD1F98501F4C6F89008E3302 /* PBXTargetDependency */ = {
			isa = PBXTargetDependency;
			target = BD1F98391F4C6F89008E3302 /* mangonote */;
			targetProxy = BD1F984F1F4C6F89008E3302 /* PBXContainerItemProxy */;
		};
		BD1F985B1F4C6F89008E3302 /* PBXTargetDependency */ = {
			isa = PBXTargetDependency;
			target = BD1F98391F4C6F89008E3302 /* mangonote */;
			targetProxy = BD1F985A1F4C6F89008E3302 /* PBXContainerItemProxy */;
		};
/* End PBXTargetDependency section */

/* Begin PBXVariantGroup section */
		BD1F98461F4C6F89008E3302 /* LaunchScreen.storyboard */ = {
			isa = PBXVariantGroup;
			children = (
				BD1F98471F4C6F89008E3302 /* Base */,
			);
			name = LaunchScreen.storyboard;
			sourceTree = "<group>";
		};
/* End PBXVariantGroup section */

/* Begin XCBuildConfiguration section */
		BD1F98601F4C6F89008E3302 /* Debug */ = {
			isa = XCBuildConfiguration;
			buildSettings = {
				ALWAYS_SEARCH_USER_PATHS = NO;
				CLANG_ANALYZER_NONNULL = YES;
				CLANG_ANALYZER_NUMBER_OBJECT_CONVERSION = YES_AGGRESSIVE;
				CLANG_CXX_LANGUAGE_STANDARD = "gnu++0x";
				CLANG_CXX_LIBRARY = "libc++";
				CLANG_ENABLE_MODULES = YES;
				CLANG_ENABLE_OBJC_ARC = YES;
				CLANG_WARN_BOOL_CONVERSION = YES;
				CLANG_WARN_CONSTANT_CONVERSION = YES;
				CLANG_WARN_DIRECT_OBJC_ISA_USAGE = YES_ERROR;
				CLANG_WARN_DOCUMENTATION_COMMENTS = YES;
				CLANG_WARN_EMPTY_BODY = YES;
				CLANG_WARN_ENUM_CONVERSION = YES;
				CLANG_WARN_INFINITE_RECURSION = YES;
				CLANG_WARN_INT_CONVERSION = YES;
				CLANG_WARN_OBJC_ROOT_CLASS = YES_ERROR;
				CLANG_WARN_SUSPICIOUS_MOVE = YES;
				CLANG_WARN_UNREACHABLE_CODE = YES;
				CLANG_WARN__DUPLICATE_METHOD_MATCH = YES;
				"CODE_SIGN_IDENTITY[sdk=iphoneos*]" = "iPhone Developer";
				COPY_PHASE_STRIP = NO;
				DEBUG_INFORMATION_FORMAT = dwarf;
				ENABLE_STRICT_OBJC_MSGSEND = YES;
				ENABLE_TESTABILITY = YES;
				GCC_C_LANGUAGE_STANDARD = gnu99;
				GCC_DYNAMIC_NO_PIC = NO;
				GCC_NO_COMMON_BLOCKS = YES;
				GCC_OPTIMIZATION_LEVEL = 0;
				GCC_PREPROCESSOR_DEFINITIONS = (
					"DEBUG=1",
					"$(inherited)",
				);
				GCC_WARN_64_TO_32_BIT_CONVERSION = YES;
				GCC_WARN_ABOUT_RETURN_TYPE = YES_ERROR;
				GCC_WARN_UNDECLARED_SELECTOR = YES;
				GCC_WARN_UNINITIALIZED_AUTOS = YES_AGGRESSIVE;
				GCC_WARN_UNUSED_FUNCTION = YES;
				GCC_WARN_UNUSED_VARIABLE = YES;
				IPHONEOS_DEPLOYMENT_TARGET = 10.3;
				MTL_ENABLE_DEBUG_INFO = YES;
				ONLY_ACTIVE_ARCH = YES;
				SDKROOT = iphoneos;
				SWIFT_ACTIVE_COMPILATION_CONDITIONS = DEBUG;
				SWIFT_OPTIMIZATION_LEVEL = "-Onone";
			};
			name = Debug;
		};
		BD1F98611F4C6F89008E3302 /* Release */ = {
			isa = XCBuildConfiguration;
			buildSettings = {
				ALWAYS_SEARCH_USER_PATHS = NO;
				CLANG_ANALYZER_NONNULL = YES;
				CLANG_ANALYZER_NUMBER_OBJECT_CONVERSION = YES_AGGRESSIVE;
				CLANG_CXX_LANGUAGE_STANDARD = "gnu++0x";
				CLANG_CXX_LIBRARY = "libc++";
				CLANG_ENABLE_MODULES = YES;
				CLANG_ENABLE_OBJC_ARC = YES;
				CLANG_WARN_BOOL_CONVERSION = YES;
				CLANG_WARN_CONSTANT_CONVERSION = YES;
				CLANG_WARN_DIRECT_OBJC_ISA_USAGE = YES_ERROR;
				CLANG_WARN_DOCUMENTATION_COMMENTS = YES;
				CLANG_WARN_EMPTY_BODY = YES;
				CLANG_WARN_ENUM_CONVERSION = YES;
				CLANG_WARN_INFINITE_RECURSION = YES;
				CLANG_WARN_INT_CONVERSION = YES;
				CLANG_WARN_OBJC_ROOT_CLASS = YES_ERROR;
				CLANG_WARN_SUSPICIOUS_MOVE = YES;
				CLANG_WARN_UNREACHABLE_CODE = YES;
				CLANG_WARN__DUPLICATE_METHOD_MATCH = YES;
				"CODE_SIGN_IDENTITY[sdk=iphoneos*]" = "iPhone Developer";
				COPY_PHASE_STRIP = NO;
				DEBUG_INFORMATION_FORMAT = "dwarf-with-dsym";
				ENABLE_NS_ASSERTIONS = NO;
				ENABLE_STRICT_OBJC_MSGSEND = YES;
				GCC_C_LANGUAGE_STANDARD = gnu99;
				GCC_NO_COMMON_BLOCKS = YES;
				GCC_WARN_64_TO_32_BIT_CONVERSION = YES;
				GCC_WARN_ABOUT_RETURN_TYPE = YES_ERROR;
				GCC_WARN_UNDECLARED_SELECTOR = YES;
				GCC_WARN_UNINITIALIZED_AUTOS = YES_AGGRESSIVE;
				GCC_WARN_UNUSED_FUNCTION = YES;
				GCC_WARN_UNUSED_VARIABLE = YES;
				IPHONEOS_DEPLOYMENT_TARGET = 10.3;
				MTL_ENABLE_DEBUG_INFO = NO;
				SDKROOT = iphoneos;
				SWIFT_OPTIMIZATION_LEVEL = "-Owholemodule";
				VALIDATE_PRODUCT = YES;
			};
			name = Release;
		};
		BD1F98631F4C6F89008E3302 /* Debug */ = {
			isa = XCBuildConfiguration;
			baseConfigurationReference = D401247031CD35A50F128EE9 /* Pods-mangonote.debug.xcconfig */;
			buildSettings = {
				ASSETCATALOG_COMPILER_APPICON_NAME = AppIcon;
				DEVELOPMENT_TEAM = S2XPY7G7HH;
				INFOPLIST_FILE = mangonote/Info.plist;
				IPHONEOS_DEPLOYMENT_TARGET = 8.0;
				LD_RUNPATH_SEARCH_PATHS = "$(inherited) @executable_path/Frameworks";
				PRODUCT_BUNDLE_IDENTIFIER = EKKO.mangonote;
				PRODUCT_NAME = "$(TARGET_NAME)";
				SWIFT_VERSION = 3.0;
			};
			name = Debug;
		};
		BD1F98641F4C6F89008E3302 /* Release */ = {
			isa = XCBuildConfiguration;
			baseConfigurationReference = 3D9861D7DC38077BC29AD359 /* Pods-mangonote.release.xcconfig */;
			buildSettings = {
				ASSETCATALOG_COMPILER_APPICON_NAME = AppIcon;
				DEVELOPMENT_TEAM = S2XPY7G7HH;
				INFOPLIST_FILE = mangonote/Info.plist;
				IPHONEOS_DEPLOYMENT_TARGET = 8.0;
				LD_RUNPATH_SEARCH_PATHS = "$(inherited) @executable_path/Frameworks";
				PRODUCT_BUNDLE_IDENTIFIER = EKKO.mangonote;
				PRODUCT_NAME = "$(TARGET_NAME)";
				SWIFT_VERSION = 3.0;
			};
			name = Release;
		};
		BD1F98661F4C6F89008E3302 /* Debug */ = {
			isa = XCBuildConfiguration;
			buildSettings = {
				ALWAYS_EMBED_SWIFT_STANDARD_LIBRARIES = YES;
				BUNDLE_LOADER = "$(TEST_HOST)";
				DEVELOPMENT_TEAM = S2XPY7G7HH;
				INFOPLIST_FILE = mangonoteTests/Info.plist;
				LD_RUNPATH_SEARCH_PATHS = "$(inherited) @executable_path/Frameworks @loader_path/Frameworks";
				PRODUCT_BUNDLE_IDENTIFIER = EKKO.mangonoteTests;
				PRODUCT_NAME = "$(TARGET_NAME)";
				SWIFT_VERSION = 3.0;
				TEST_HOST = "$(BUILT_PRODUCTS_DIR)/mangonote.app/mangonote";
			};
			name = Debug;
		};
		BD1F98671F4C6F89008E3302 /* Release */ = {
			isa = XCBuildConfiguration;
			buildSettings = {
				ALWAYS_EMBED_SWIFT_STANDARD_LIBRARIES = YES;
				BUNDLE_LOADER = "$(TEST_HOST)";
				DEVELOPMENT_TEAM = S2XPY7G7HH;
				INFOPLIST_FILE = mangonoteTests/Info.plist;
				LD_RUNPATH_SEARCH_PATHS = "$(inherited) @executable_path/Frameworks @loader_path/Frameworks";
				PRODUCT_BUNDLE_IDENTIFIER = EKKO.mangonoteTests;
				PRODUCT_NAME = "$(TARGET_NAME)";
				SWIFT_VERSION = 3.0;
				TEST_HOST = "$(BUILT_PRODUCTS_DIR)/mangonote.app/mangonote";
			};
			name = Release;
		};
		BD1F98691F4C6F89008E3302 /* Debug */ = {
			isa = XCBuildConfiguration;
			buildSettings = {
				ALWAYS_EMBED_SWIFT_STANDARD_LIBRARIES = YES;
				DEVELOPMENT_TEAM = S2XPY7G7HH;
				INFOPLIST_FILE = mangonoteUITests/Info.plist;
				LD_RUNPATH_SEARCH_PATHS = "$(inherited) @executable_path/Frameworks @loader_path/Frameworks";
				PRODUCT_BUNDLE_IDENTIFIER = EKKO.mangonoteUITests;
				PRODUCT_NAME = "$(TARGET_NAME)";
				SWIFT_VERSION = 3.0;
				TEST_TARGET_NAME = mangonote;
			};
			name = Debug;
		};
		BD1F986A1F4C6F89008E3302 /* Release */ = {
			isa = XCBuildConfiguration;
			buildSettings = {
				ALWAYS_EMBED_SWIFT_STANDARD_LIBRARIES = YES;
				DEVELOPMENT_TEAM = S2XPY7G7HH;
				INFOPLIST_FILE = mangonoteUITests/Info.plist;
				LD_RUNPATH_SEARCH_PATHS = "$(inherited) @executable_path/Frameworks @loader_path/Frameworks";
				PRODUCT_BUNDLE_IDENTIFIER = EKKO.mangonoteUITests;
				PRODUCT_NAME = "$(TARGET_NAME)";
				SWIFT_VERSION = 3.0;
				TEST_TARGET_NAME = mangonote;
			};
			name = Release;
		};
/* End XCBuildConfiguration section */

/* Begin XCConfigurationList section */
		BD1F98351F4C6F89008E3302 /* Build configuration list for PBXProject "mangonote" */ = {
			isa = XCConfigurationList;
			buildConfigurations = (
				BD1F98601F4C6F89008E3302 /* Debug */,
				BD1F98611F4C6F89008E3302 /* Release */,
			);
			defaultConfigurationIsVisible = 0;
			defaultConfigurationName = Release;
		};
		BD1F98621F4C6F89008E3302 /* Build configuration list for PBXNativeTarget "mangonote" */ = {
			isa = XCConfigurationList;
			buildConfigurations = (
				BD1F98631F4C6F89008E3302 /* Debug */,
				BD1F98641F4C6F89008E3302 /* Release */,
			);
			defaultConfigurationIsVisible = 0;
			defaultConfigurationName = Release;
		};
		BD1F98651F4C6F89008E3302 /* Build configuration list for PBXNativeTarget "mangonoteTests" */ = {
			isa = XCConfigurationList;
			buildConfigurations = (
				BD1F98661F4C6F89008E3302 /* Debug */,
				BD1F98671F4C6F89008E3302 /* Release */,
			);
			defaultConfigurationIsVisible = 0;
			defaultConfigurationName = Release;
		};
		BD1F98681F4C6F89008E3302 /* Build configuration list for PBXNativeTarget "mangonoteUITests" */ = {
			isa = XCConfigurationList;
			buildConfigurations = (
				BD1F98691F4C6F89008E3302 /* Debug */,
				BD1F986A1F4C6F89008E3302 /* Release */,
			);
			defaultConfigurationIsVisible = 0;
			defaultConfigurationName = Release;
		};
/* End XCConfigurationList section */
	};
	rootObject = BD1F98321F4C6F89008E3302 /* Project object */;
}
